<?xml version="1.0" encoding="utf-8"?>
<Project ToolsVersion="4.0" xmlns="http://schemas.microsoft.com/developer/msbuild/2003">
  <ItemGroup>
    <Filter Include="Source Files">
      <UniqueIdentifier>{4FC737F1-C7A5-4376-A066-2A32D752A2FF}</UniqueIdentifier>
      <Extensions>cpp;c;cc;cxx;def;odl;idl;hpj;bat;asm;asmx</Extensions>
    </Filter>
    <Filter Include="Header Files">
      <UniqueIdentifier>{93995380-89BD-4b04-88EB-625FBE52EBFB}</UniqueIdentifier>
      <Extensions>h;hh;hpp;hxx;hm;inl;inc;xsd</Extensions>
    </Filter>
    <Filter Include="Resource Files">
      <UniqueIdentifier>{67DA6AB6-F800-4c08-8B7A-83BB121AAD01}</UniqueIdentifier>
      <Extensions>rc;ico;cur;bmp;dlg;rc2;rct;bin;rgs;gif;jpg;jpeg;jpe;resx;tiff;tif;png;wav</Extensions>
    </Filter>
    <Filter Include="Source Files\Controllers">
      <UniqueIdentifier>{50dfa6a5-4b6a-443d-9f86-128739de5200}</UniqueIdentifier>
    </Filter>
    <Filter Include="Header Files\Controllers">
      <UniqueIdentifier>{6e56866e-d168-498b-9049-88f31867e627}</UniqueIdentifier>
    </Filter>
    <Filter Include="Source Files\Models">
      <UniqueIdentifier>{1283ae4b-ca95-4760-a1bc-a22284382e53}</UniqueIdentifier>
    </Filter>
    <Filter Include="Header Files\Models">
      <UniqueIdentifier>{39379c4e-6a7b-4641-98be-bec8a727dbda}</UniqueIdentifier>
    </Filter>
    <Filter Include="Source Files\Modules">
      <UniqueIdentifier>{4111b159-da2d-4a4c-80aa-384cde253a1e}</UniqueIdentifier>
    </Filter>
    <Filter Include="Header Files\Modules">
      <UniqueIdentifier>{d56c2ed2-7777-438e-95c5-abd3e70eba83}</UniqueIdentifier>
    </Filter>
    <Filter Include="Header Files\Input/Output">
      <UniqueIdentifier>{cd88ff60-a23e-4b52-99b7-e92805f78a91}</UniqueIdentifier>
    </Filter>
    <Filter Include="Source Files\Input/Output">
      <UniqueIdentifier>{e3b56a14-17e2-4347-8e89-86d38c279586}</UniqueIdentifier>
    </Filter>
  </ItemGroup>
  <ItemGroup>
    <ClInclude Include="src\Controllers\ModuleController.h">
      <Filter>Header Files\Controllers</Filter>
    </ClInclude>
    <ClInclude Include="src\Controllers\ProfileController.h">
      <Filter>Header Files\Controllers</Filter>
    </ClInclude>
    <ClInclude Include="src\Models\Profile.h">
      <Filter>Header Files\Models</Filter>
    </ClInclude>
    <ClInclude Include="src\Modules\CreateUserProfile.h">
      <Filter>Header Files\Modules</Filter>
    </ClInclude>
    <ClInclude Include="src\Modules\ModuleManagement.h">
      <Filter>Header Files\Modules</Filter>
    </ClInclude>
    <ClInclude Include="src\Modules\LoadUserProfile.h">
      <Filter>Header Files\Modules</Filter>
    </ClInclude>
    <ClInclude Include="src\config.h">
      <Filter>Header Files</Filter>
    </ClInclude>
    <ClInclude Include="src\Modules\Login.h">
      <Filter>Header Files\Modules</Filter>
    </ClInclude>
    <ClInclude Include="src\IO\Input.h">
      <Filter>Header Files\Input/Output</Filter>
    </ClInclude>
    <ClInclude Include="src\IO\IOComponent.h">
      <Filter>Header Files\Input/Output</Filter>
    </ClInclude>
    <ClInclude Include="src\IO\OComponent.h">
      <Filter>Header Files\Input/Output</Filter>
    </ClInclude>
    <ClInclude Include="src\Controllers\_Controller.h">
      <Filter>Header Files\Controllers</Filter>
    </ClInclude>
    <ClInclude Include="src\Models\_Model.h">
      <Filter>Header Files\Models</Filter>
    </ClInclude>
    <ClInclude Include="src\Modules\Dashboard.h">
      <Filter>Header Files\Modules</Filter>
    </ClInclude>
    <ClInclude Include="src\Models\Transaction.h">
      <Filter>Header Files\Models</Filter>
    </ClInclude>
    <ClInclude Include="src\Modules\AddTransaction.h">
      <Filter>Header Files\Modules</Filter>
    </ClInclude>
    <ClInclude Include="src\Controllers\TransactionController.h">
      <Filter>Header Files\Controllers</Filter>
    </ClInclude>
    <ClInclude Include="src\utility.h">
      <Filter>Header Files</Filter>
    </ClInclude>
    <ClInclude Include="src\Controllers\CategoryController.h">
      <Filter>Header Files\Controllers</Filter>
    </ClInclude>
    <ClInclude Include="src\Models\Category.h">
      <Filter>Header Files\Models</Filter>
    </ClInclude>
    <ClInclude Include="src\Models\_Header.h">
      <Filter>Header Files\Models</Filter>
    </ClInclude>
    <ClInclude Include="src\Models\_DataBlock.h">
      <Filter>Header Files\Models</Filter>
    </ClInclude>
    <ClInclude Include="src\Modules\AddCategoryExt.h">
      <Filter>Header Files\Modules</Filter>
    </ClInclude>
    <ClInclude Include="src\Modules\AddAccountExt.h">
      <Filter>Header Files\Modules</Filter>
    </ClInclude>
    <ClInclude Include="src\Controllers\AccountController.h">
      <Filter>Header Files\Controllers</Filter>
    </ClInclude>
    <ClInclude Include="src\Models\Account.h">
      <Filter>Header Files\Models</Filter>
    </ClInclude>
  </ItemGroup>
  <ItemGroup>
    <ClCompile Include="src\Controllers\ModuleController.cpp">
      <Filter>Source Files\Controllers</Filter>
    </ClCompile>
    <ClCompile Include="src\Controllers\ProfileController.cpp">
      <Filter>Source Files\Controllers</Filter>
    </ClCompile>
    <ClCompile Include="src\Models\Profile.cpp">
      <Filter>Source Files\Models</Filter>
    </ClCompile>
    <ClCompile Include="src\Modules\CreateUserProfile.cpp">
      <Filter>Source Files\Modules</Filter>
    </ClCompile>
    <ClCompile Include="src\Modules\ModuleManagement.cpp">
      <Filter>Source Files\Modules</Filter>
    </ClCompile>
    <ClCompile Include="src\config.cpp">
      <Filter>Source Files</Filter>
    </ClCompile>
    <ClCompile Include="src\main.cpp">
      <Filter>Source Files</Filter>
    </ClCompile>
    <ClCompile Include="src\utility.cpp">
      <Filter>Source Files</Filter>
    </ClCompile>
    <ClCompile Include="src\Modules\LoadUserProfile.cpp">
      <Filter>Source Files\Modules</Filter>
    </ClCompile>
    <ClCompile Include="src\Modules\Login.cpp">
      <Filter>Source Files\Modules</Filter>
    </ClCompile>
    <ClCompile Include="src\IO\Input.cpp">
      <Filter>Source Files\Input/Output</Filter>
    </ClCompile>
    <ClCompile Include="src\IO\IOComponent.cpp">
      <Filter>Source Files\Input/Output</Filter>
    </ClCompile>
    <ClCompile Include="src\IO\OComponent.cpp">
      <Filter>Source Files\Input/Output</Filter>
    </ClCompile>
    <ClCompile Include="src\IO\Form.cpp">
      <Filter>Source Files\Input/Output</Filter>
    </ClCompile>
    <ClCompile Include="src\Controllers\_Controller.cpp">
      <Filter>Source Files\Controllers</Filter>
    </ClCompile>
    <ClCompile Include="src\Models\Header.cpp">
      <Filter>Source Files\Models</Filter>
    </ClCompile>
    <ClCompile Include="src\Models\DataBlock.cpp">
      <Filter>Source Files\Models</Filter>
    </ClCompile>
    <ClCompile Include="src\Modules\Dashboard.cpp">
      <Filter>Source Files\Modules</Filter>
    </ClCompile>
    <ClCompile Include="src\Models\Transaction.cpp">
      <Filter>Source Files\Models</Filter>
    </ClCompile>
    <ClCompile Include="src\Modules\AddTransaction.cpp">
      <Filter>Source Files\Modules</Filter>
    </ClCompile>
    <ClCompile Include="src\Controllers\TransactionController.cpp">
      <Filter>Source Files\Controllers</Filter>
    </ClCompile>
    <ClCompile Include="src\Controllers\CategoryController.cpp">
      <Filter>Source Files\Controllers</Filter>
    </ClCompile>
    <ClCompile Include="src\Models\Category.cpp">
      <Filter>Source Files\Models</Filter>
    </ClCompile>
    <ClCompile Include="src\Modules\AddCategoryExt.cpp">
      <Filter>Source Files\Modules</Filter>
    </ClCompile>
    <ClCompile Include="src\Modules\AddAccountExt.cpp">
      <Filter>Source Files\Modules</Filter>
    </ClCompile>
    <ClCompile Include="src\Controllers\AccountController.cpp">
      <Filter>Source Files\Controllers</Filter>
    </ClCompile>
    <ClCompile Include="src\Models\Account.cpp">
      <Filter>Source Files\Models</Filter>
    </ClCompile>
  </ItemGroup>
</Project>